{
  "name": "Cracking_SpuriousCorr",
  "lockfileVersion": 2,
  "requires": true,
  "packages": {
    "": {
      "dependencies": {
        "d3-state-visualizer": "^1.6.0",
        "d3-tip": "^0.9.1",
        "d3-tooltip": "^0.0.1"
      }
    },
    "node_modules/@babel/runtime": {
      "version": "7.17.8",
      "resolved": "https://registry.npmjs.org/@babel/runtime/-/runtime-7.17.8.tgz",
      "integrity": "sha512-dQpEpK0O9o6lj6oPu0gRDbbnk+4LeHlNcBpspf6Olzt3GIX4P1lWF1gS+pHLDFlaJvbR6q7jCfQ08zA4QJBnmA==",
      "dependencies": {
        "regenerator-runtime": "^0.13.4"
      },
      "engines": {
        "node": ">=6.9.0"
      }
    },
    "node_modules/@types/d3": {
      "version": "3.5.46",
      "resolved": "https://registry.npmjs.org/@types/d3/-/d3-3.5.46.tgz",
      "integrity": "sha512-jNHfiGd41+JUV43LTMzQNidyp4Hn0XfhoSmy8baE0d/N5pGYpD+yX03JacY/MH+smFxYOQGXlz4HxkRZOuRNOQ=="
    },
    "node_modules/d3": {
      "version": "3.5.17",
      "resolved": "https://registry.npmjs.org/d3/-/d3-3.5.17.tgz",
      "integrity": "sha1-vEZ0gAQ3iyGjYMn8fPUjF5B2L7g="
    },
    "node_modules/d3-collection": {
      "version": "1.0.7",
      "resolved": "https://registry.npmjs.org/d3-collection/-/d3-collection-1.0.7.tgz",
      "integrity": "sha512-ii0/r5f4sjKNTfh84Di+DpztYwqKhEyUlKoPrzUFfeSkWxjW49xU2QzO9qrPrNkpdI0XJkfzvmTu8V2Zylln6A=="
    },
    "node_modules/d3-selection": {
      "version": "1.4.2",
      "resolved": "https://registry.npmjs.org/d3-selection/-/d3-selection-1.4.2.tgz",
      "integrity": "sha512-SJ0BqYihzOjDnnlfyeHT0e30k0K1+5sR3d5fNueCNeuhZTnGw4M4o8mqJchSwgKMXCNFo+e2VTChiSJ0vYtXkg=="
    },
    "node_modules/d3-state-visualizer": {
      "version": "1.6.0",
      "resolved": "https://registry.npmjs.org/d3-state-visualizer/-/d3-state-visualizer-1.6.0.tgz",
      "integrity": "sha512-zlzh/BllmvMXkpIIV/OTF2Opb74MOW9ViMaDRFeMqDZ9WrwlWTgQiFpxpD3T6gDze3fJFbxbNZfbCTE7uTiUFA==",
      "dependencies": {
        "@babel/runtime": "^7.16.7",
        "@types/d3": "^3.5.46",
        "d3": "^3.5.17",
        "d3tooltip": "^2.1.0",
        "deepmerge": "^4.2.2",
        "map2tree": "^2.1.0",
        "ramda": "^0.28.0"
      }
    },
    "node_modules/d3-tip": {
      "version": "0.9.1",
      "resolved": "https://registry.npmjs.org/d3-tip/-/d3-tip-0.9.1.tgz",
      "integrity": "sha512-EVBfG9d+HnjIoyVXfhpytWxlF59JaobwizqMX9EBXtsFmJytjwHeYiUs74ldHQjE7S9vzfKTx2LCtvUrIbuFYg==",
      "dependencies": {
        "d3-collection": "^1.0.4",
        "d3-selection": "^1.3.0"
      },
      "engines": {
        "node": ">=4.2.6"
      }
    },
    "node_modules/d3-tooltip": {
      "version": "0.0.1",
      "resolved": "https://registry.npmjs.org/d3-tooltip/-/d3-tooltip-0.0.1.tgz",
      "integrity": "sha1-El6FHrkzT3R3sP/wO3Ytv7XodBQ="
    },
    "node_modules/d3tooltip": {
      "version": "2.1.0",
      "resolved": "https://registry.npmjs.org/d3tooltip/-/d3tooltip-2.1.0.tgz",
      "integrity": "sha512-McomFzJ39RVyGTCKolazdmNG25AdykpdSbaEwyzFHEi4GZH7eZv8FxKwCpsN5/BaywvdsUtRa7eXCScISrJv9A==",
      "dependencies": {
        "@babel/runtime": "^7.16.7",
        "ramda": "^0.28.0"
      },
      "peerDependencies": {
        "@types/d3": "^3.5.46",
        "d3": "^3.5.17"
      }
    },
    "node_modules/deepmerge": {
      "version": "4.2.2",
      "resolved": "https://registry.npmjs.org/deepmerge/-/deepmerge-4.2.2.tgz",
      "integrity": "sha512-FJ3UgI4gIl+PHZm53knsuSFpE+nESMr7M4v9QcgB7S63Kj/6WqMiFQJpBBYz1Pt+66bZpP3Q7Lye0Oo9MPKEdg==",
      "engines": {
        "node": ">=0.10.0"
      }
    },
    "node_modules/lodash": {
      "version": "4.17.21",
      "resolved": "https://registry.npmjs.org/lodash/-/lodash-4.17.21.tgz",
      "integrity": "sha512-v2kDEe57lecTulaDIuNTPy3Ry4gLGJ6Z1O3vE1krgXZNrsQ+LFTGHVxVjcXPs17LhbZVGedAJv8XZ1tvj5FvSg=="
    },
    "node_modules/map2tree": {
      "version": "2.1.0",
      "resolved": "https://registry.npmjs.org/map2tree/-/map2tree-2.1.0.tgz",
      "integrity": "sha512-mRhb7q7TyO/uxtPURYmmwUKlnmcC9S4y18ZnLr6Ufkhyf2CpWHFh77fuM0US8owqjBDOhalo3vk8jzL+8vyNGQ==",
      "dependencies": {
        "@babel/runtime": "^7.16.7",
        "lodash": "^4.17.21"
      }
    },
    "node_modules/ramda": {
      "version": "0.28.0",
      "resolved": "https://registry.npmjs.org/ramda/-/ramda-0.28.0.tgz",
      "integrity": "sha512-9QnLuG/kPVgWvMQ4aODhsBUFKOUmnbUnsSXACv+NCQZcHbeb+v8Lodp8OVxtRULN1/xOyYLLaL6npE6dMq5QTA==",
      "funding": {
        "type": "opencollective",
        "url": "https://opencollective.com/ramda"
      }
    },
    "node_modules/regenerator-runtime": {
      "version": "0.13.9",
      "resolved": "https://registry.npmjs.org/regenerator-runtime/-/regenerator-runtime-0.13.9.tgz",
      "integrity": "sha512-p3VT+cOEgxFsRRA9X4lkI1E+k2/CtnKtU4gcxyaCUreilL/vqI6CdZ3wxVUx3UOUg+gnUOQQcRI7BmSI656MYA=="
    }
  },
  "dependencies": {
    "@babel/runtime": {
      "version": "7.17.8",
      "resolved": "https://registry.npmjs.org/@babel/runtime/-/runtime-7.17.8.tgz",
      "integrity": "sha512-dQpEpK0O9o6lj6oPu0gRDbbnk+4LeHlNcBpspf6Olzt3GIX4P1lWF1gS+pHLDFlaJvbR6q7jCfQ08zA4QJBnmA==",
      "requires": {
        "regenerator-runtime": "^0.13.4"
      }
    },
    "@types/d3": {
      "version": "3.5.46",
      "resolved": "https://registry.npmjs.org/@types/d3/-/d3-3.5.46.tgz",
      "integrity": "sha512-jNHfiGd41+JUV43LTMzQNidyp4Hn0XfhoSmy8baE0d/N5pGYpD+yX03JacY/MH+smFxYOQGXlz4HxkRZOuRNOQ=="
    },
    "d3": {
      "version": "3.5.17",
      "resolved": "https://registry.npmjs.org/d3/-/d3-3.5.17.tgz",
      "integrity": "sha1-vEZ0gAQ3iyGjYMn8fPUjF5B2L7g="
    },
    "d3-collection": {
      "version": "1.0.7",
      "resolved": "https://registry.npmjs.org/d3-collection/-/d3-collection-1.0.7.tgz",
      "integrity": "sha512-ii0/r5f4sjKNTfh84Di+DpztYwqKhEyUlKoPrzUFfeSkWxjW49xU2QzO9qrPrNkpdI0XJkfzvmTu8V2Zylln6A=="
    },
    "d3-selection": {
      "version": "1.4.2",
      "resolved": "https://registry.npmjs.org/d3-selection/-/d3-selection-1.4.2.tgz",
      "integrity": "sha512-SJ0BqYihzOjDnnlfyeHT0e30k0K1+5sR3d5fNueCNeuhZTnGw4M4o8mqJchSwgKMXCNFo+e2VTChiSJ0vYtXkg=="
    },
    "d3-state-visualizer": {
      "version": "1.6.0",
      "resolved": "https://registry.npmjs.org/d3-state-visualizer/-/d3-state-visualizer-1.6.0.tgz",
      "integrity": "sha512-zlzh/BllmvMXkpIIV/OTF2Opb74MOW9ViMaDRFeMqDZ9WrwlWTgQiFpxpD3T6gDze3fJFbxbNZfbCTE7uTiUFA==",
      "requires": {
        "@babel/runtime": "^7.16.7",
        "@types/d3": "^3.5.46",
        "d3": "^3.5.17",
        "d3tooltip": "^2.1.0",
        "deepmerge": "^4.2.2",
        "map2tree": "^2.1.0",
        "ramda": "^0.28.0"
      }
    },
    "d3-tip": {
      "version": "0.9.1",
      "resolved": "https://registry.npmjs.org/d3-tip/-/d3-tip-0.9.1.tgz",
      "integrity": "sha512-EVBfG9d+HnjIoyVXfhpytWxlF59JaobwizqMX9EBXtsFmJytjwHeYiUs74ldHQjE7S9vzfKTx2LCtvUrIbuFYg==",
      "requires": {
        "d3-collection": "^1.0.4",
        "d3-selection": "^1.3.0"
      }
    },
    "d3-tooltip": {
      "version": "0.0.1",
      "resolved": "https://registry.npmjs.org/d3-tooltip/-/d3-tooltip-0.0.1.tgz",
      "integrity": "sha1-El6FHrkzT3R3sP/wO3Ytv7XodBQ="
    },
    "d3tooltip": {
      "version": "2.1.0",
      "resolved": "https://registry.npmjs.org/d3tooltip/-/d3tooltip-2.1.0.tgz",
      "integrity": "sha512-McomFzJ39RVyGTCKolazdmNG25AdykpdSbaEwyzFHEi4GZH7eZv8FxKwCpsN5/BaywvdsUtRa7eXCScISrJv9A==",
      "requires": {
        "@babel/runtime": "^7.16.7",
        "ramda": "^0.28.0"
      }
    },
    "deepmerge": {
      "version": "4.2.2",
      "resolved": "https://registry.npmjs.org/deepmerge/-/deepmerge-4.2.2.tgz",
      "integrity": "sha512-FJ3UgI4gIl+PHZm53knsuSFpE+nESMr7M4v9QcgB7S63Kj/6WqMiFQJpBBYz1Pt+66bZpP3Q7Lye0Oo9MPKEdg=="
    },
    "lodash": {
      "version": "4.17.21",
      "resolved": "https://registry.npmjs.org/lodash/-/lodash-4.17.21.tgz",
      "integrity": "sha512-v2kDEe57lecTulaDIuNTPy3Ry4gLGJ6Z1O3vE1krgXZNrsQ+LFTGHVxVjcXPs17LhbZVGedAJv8XZ1tvj5FvSg=="
    },
    "map2tree": {
      "version": "2.1.0",
      "resolved": "https://registry.npmjs.org/map2tree/-/map2tree-2.1.0.tgz",
      "integrity": "sha512-mRhb7q7TyO/uxtPURYmmwUKlnmcC9S4y18ZnLr6Ufkhyf2CpWHFh77fuM0US8owqjBDOhalo3vk8jzL+8vyNGQ==",
      "requires": {
        "@babel/runtime": "^7.16.7",
        "lodash": "^4.17.21"
      }
    },
    "ramda": {
      "version": "0.28.0",
      "resolved": "https://registry.npmjs.org/ramda/-/ramda-0.28.0.tgz",
      "integrity": "sha512-9QnLuG/kPVgWvMQ4aODhsBUFKOUmnbUnsSXACv+NCQZcHbeb+v8Lodp8OVxtRULN1/xOyYLLaL6npE6dMq5QTA=="
    },
    "regenerator-runtime": {
      "version": "0.13.9",
      "resolved": "https://registry.npmjs.org/regenerator-runtime/-/regenerator-runtime-0.13.9.tgz",
      "integrity": "sha512-p3VT+cOEgxFsRRA9X4lkI1E+k2/CtnKtU4gcxyaCUreilL/vqI6CdZ3wxVUx3UOUg+gnUOQQcRI7BmSI656MYA=="
    }
  }
}
